
Microsoft Visual Studio Solution File, Format Version 12.00
# Visual Studio Version 17
VisualStudioVersion = 17.8.34601.278
MinimumVisualStudioVersion = 10.0.40219.1
Project("{FAE04EC0-301F-11D3-BF4B-00C04F79EFBC}") = "MvcCoreTiendaZapatillas", "MvcCoreTiendaZapatillas\MvcCoreTiendaZapatillas.csproj", "{2EBC32A1-BBC9-4D1C-BCC5-E1CAA3B05982}"
EndProject
Global
	GlobalSection(SolutionConfigurationPlatforms) = preSolution
		Debug|Any CPU = Debug|Any CPU
		Release|Any CPU = Release|Any CPU
	EndGlobalSection
	GlobalSection(ProjectConfigurationPlatforms) = postSolution
		{2EBC32A1-BBC9-4D1C-BCC5-E1CAA3B05982}.Debug|Any CPU.ActiveCfg = Debug|Any CPU
		{2EBC32A1-BBC9-4D1C-BCC5-E1CAA3B05982}.Debug|Any CPU.Build.0 = Debug|Any CPU
		{2EBC32A1-BBC9-4D1C-BCC5-E1CAA3B05982}.Release|Any CPU.ActiveCfg = Release|Any CPU
		{2EBC32A1-BBC9-4D1C-BCC5-E1CAA3B05982}.Release|Any CPU.Build.0 = Release|Any CPU
	EndGlobalSection
	GlobalSection(SolutionProperties) = preSolution
		HideSolutionNode = FALSE
	EndGlobalSection
	GlobalSection(ExtensibilityGlobals) = postSolution
		SolutionGuid = {28166100-0868-4566-B684-CC1C845B10CF}
	EndGlobalSection
EndGlobal
